
Microsoft Visual Studio Solution File, Format Version 12.00
# Visual Studio Version 17
VisualStudioVersion = 17.3.32929.385
MinimumVisualStudioVersion = 10.0.40219.1
Project("{FAE04EC0-301F-11D3-BF4B-00C04F79EFBC}") = "LitwareLib", "assignment2\LitwareLib.csproj", "{46CACCFD-2B51-4BF7-9B95-FA4CB6152366}"
EndProject
Global
	GlobalSection(SolutionConfigurationPlatforms) = preSolution
		Debug|Any CPU = Debug|Any CPU
		Release|Any CPU = Release|Any CPU
	EndGlobalSection
	GlobalSection(ProjectConfigurationPlatforms) = postSolution
		{46CACCFD-2B51-4BF7-9B95-FA4CB6152366}.Debug|Any CPU.ActiveCfg = Debug|Any CPU
		{46CACCFD-2B51-4BF7-9B95-FA4CB6152366}.Debug|Any CPU.Build.0 = Debug|Any CPU
		{46CACCFD-2B51-4BF7-9B95-FA4CB6152366}.Release|Any CPU.ActiveCfg = Release|Any CPU
		{46CACCFD-2B51-4BF7-9B95-FA4CB6152366}.Release|Any CPU.Build.0 = Release|Any CPU
	EndGlobalSection
	GlobalSection(SolutionProperties) = preSolution
		HideSolutionNode = FALSE
	EndGlobalSection
	GlobalSection(ExtensibilityGlobals) = postSolution
		SolutionGuid = {241AF68C-A84C-40E5-91E5-AF9EB213FEC0}
	EndGlobalSection
EndGlobal
